
Microsoft Visual Studio Solution File, Format Version 12.00
# Visual Studio Version 16
VisualStudioVersion = 16.0.30503.244
MinimumVisualStudioVersion = 10.0.40219.1
Project("{FAE04EC0-301F-11D3-BF4B-00C04F79EFBC}") = "EpamDecToAnother", "EpamDecToAnother\EpamDecToAnother.csproj", "{F00A6174-84AF-4B20-A763-EC63F62288EA}"
EndProject
Global
	GlobalSection(SolutionConfigurationPlatforms) = preSolution
		Debug|Any CPU = Debug|Any CPU
		Release|Any CPU = Release|Any CPU
	EndGlobalSection
	GlobalSection(ProjectConfigurationPlatforms) = postSolution
		{F00A6174-84AF-4B20-A763-EC63F62288EA}.Debug|Any CPU.ActiveCfg = Debug|Any CPU
		{F00A6174-84AF-4B20-A763-EC63F62288EA}.Debug|Any CPU.Build.0 = Debug|Any CPU
		{F00A6174-84AF-4B20-A763-EC63F62288EA}.Release|Any CPU.ActiveCfg = Release|Any CPU
		{F00A6174-84AF-4B20-A763-EC63F62288EA}.Release|Any CPU.Build.0 = Release|Any CPU
	EndGlobalSection
	GlobalSection(SolutionProperties) = preSolution
		HideSolutionNode = FALSE
	EndGlobalSection
	GlobalSection(ExtensibilityGlobals) = postSolution
		SolutionGuid = {C4B11954-88BA-4881-94FE-03640B96BA1D}
	EndGlobalSection
EndGlobal
